{
  "requires": true,
  "lockfileVersion": 1,
  "dependencies": {
    "md-color-picker": {
      "version": "0.2.6",
      "resolved": "https://registry.npmjs.org/md-color-picker/-/md-color-picker-0.2.6.tgz",
      "integrity": "sha1-OCfUkssPzZcgIG4+MqpRU/rfaIs=",
      "requires": {
        "tinycolor2": "*"
      }
    },
    "tinycolor2": {
      "version": "1.4.1",
      "resolved": "https://registry.npmjs.org/tinycolor2/-/tinycolor2-1.4.1.tgz",
      "integrity": "sha1-9PrTM0R7wLB9TcjpIJ2POaisd+g="
    }
  }
}
